
Microsoft Visual Studio Solution File, Format Version 12.00
# Visual Studio Version 16
VisualStudioVersion = 16.0.30611.23
MinimumVisualStudioVersion = 10.0.40219.1
Project("{9A19103F-16F7-4668-BE54-9A1E7A4F7556}") = "NetExtender.Core", "NetExtender.Core\NetExtender.Core.csproj", "{19E3C7A6-6110-4CA1-9F8E-049BB5191C28}"
EndProject
Project("{9A19103F-16F7-4668-BE54-9A1E7A4F7556}") = "NetExtender.AspNetCore", "NetExtender.AspNetCore\NetExtender.AspNetCore.csproj", "{9E3F450B-F1ED-4BC7-93C1-251835DCC98E}"
EndProject
Project("{9A19103F-16F7-4668-BE54-9A1E7A4F7556}") = "NetExtender.EntityFramework.Core", "NetExtender.EntityFramework.Core\NetExtender.EntityFramework.Core.csproj", "{1566851A-7963-45CA-A2B6-6ACEDF041ACA}"
EndProject
Project("{9A19103F-16F7-4668-BE54-9A1E7A4F7556}") = "NetExtender.AutoMapper", "NetExtender.AutoMapper\NetExtender.AutoMapper.csproj", "{6F121305-43B4-4F3A-BBC3-7A8C1689D17B}"
EndProject
Project("{9A19103F-16F7-4668-BE54-9A1E7A4F7556}") = "NetExtender.Windows", "NetExtender.Windows\NetExtender.Windows.csproj", "{40412617-CA47-4C9D-A9A3-C34365D6895B}"
EndProject
Project("{9A19103F-16F7-4668-BE54-9A1E7A4F7556}") = "NetExtender.Cryptography", "NetExtender.Cryptography\NetExtender.Cryptography.csproj", "{A876A04B-A1C8-45A8-8072-CA7A40A3F6F3}"
EndProject
Project("{9A19103F-16F7-4668-BE54-9A1E7A4F7556}") = "NetExtender.Configuration", "NetExtender.Configuration\NetExtender.Configuration.csproj", "{122AEC2E-FC14-481F-A81B-0305ACE86ECC}"
EndProject
Project("{9A19103F-16F7-4668-BE54-9A1E7A4F7556}") = "NetExtender.Domain", "NetExtender.Domain\NetExtender.Domain.csproj", "{565276E6-CCA8-4E40-A700-9DB9861F7AC8}"
EndProject
Project("{9A19103F-16F7-4668-BE54-9A1E7A4F7556}") = "NetExtender.Configuration.Ini", "NetExtender.Configuration.Ini\NetExtender.Configuration.Ini.csproj", "{7582CB59-4A44-4938-8A6E-00A5B91C91A1}"
EndProject
Project("{9A19103F-16F7-4668-BE54-9A1E7A4F7556}") = "NetExtender.Registry", "NetExtender.Registry\NetExtender.Registry.csproj", "{C78BDA6F-B9C6-4245-9462-9EBD6FE2DC13}"
EndProject
Project("{9A19103F-16F7-4668-BE54-9A1E7A4F7556}") = "NetExtender.BouncyCastle", "NetExtender.BouncyCastle\NetExtender.BouncyCastle.csproj", "{ECAF556B-AFC3-4EB4-9A85-5A1C3B9CDDA8}"
EndProject
Project("{9A19103F-16F7-4668-BE54-9A1E7A4F7556}") = "NetExtender.UserInterface", "NetExtender.UserInterface\NetExtender.UserInterface.csproj", "{879289F6-2ED8-48D7-AC55-C0528E036D88}"
EndProject
Project("{9A19103F-16F7-4668-BE54-9A1E7A4F7556}") = "NetExtender.Configuration.Windows.Registry", "NetExtender.Configuration.Windows.Registry\NetExtender.Configuration.Windows.Registry.csproj", "{CE0CABC3-EC8A-4A18-A4EF-624F6DAF5A6A}"
EndProject
Project("{9A19103F-16F7-4668-BE54-9A1E7A4F7556}") = "NetExtender.UserInterface.WinForms", "NetExtender.UserInterface.WinForms\NetExtender.UserInterface.WinForms.csproj", "{7AF8C949-E014-43DE-A0FE-4D49735536D9}"
EndProject
Project("{9A19103F-16F7-4668-BE54-9A1E7A4F7556}") = "NetExtender.Localization.Flags", "NetExtender.Localization.Flags\NetExtender.Localization.Flags.csproj", "{96A15B1D-FFE0-49D8-A8B9-5386C11FCAF5}"
EndProject
Project("{9A19103F-16F7-4668-BE54-9A1E7A4F7556}") = "NetExtender.ImageSharp", "NetExtender.ImageSharp\NetExtender.ImageSharp.csproj", "{8F13ECC7-6A93-4863-A03F-E7DF616DB603}"
EndProject
Project("{9A19103F-16F7-4668-BE54-9A1E7A4F7556}") = "NetExtender.Drawing.Images", "NetExtender.Drawing.Images\NetExtender.Drawing.Images.csproj", "{3165AF7B-F29C-4FC7-BAF0-13A92CB0ACDB}"
EndProject
Project("{9A19103F-16F7-4668-BE54-9A1E7A4F7556}") = "NetExtender.ImageSharp.Drawing", "NetExtender.ImageSharp.Drawing\NetExtender.ImageSharp.Drawing.csproj", "{99270A76-B263-403E-AA32-1885325E67AB}"
EndProject
Project("{9A19103F-16F7-4668-BE54-9A1E7A4F7556}") = "NetExtender.UserInterface.WindowsPresentation", "NetExtender.UserInterface.WindowsPresentation\NetExtender.UserInterface.WindowsPresentation.csproj", "{893248EA-B992-462C-AD27-628EB72EFF59}"
EndProject
Project("{9A19103F-16F7-4668-BE54-9A1E7A4F7556}") = "NetExtender.UserInterface.Xamarin", "NetExtender.UserInterface.Xamarin\NetExtender.UserInterface.Xamarin.csproj", "{F1AB5887-46C7-4F74-A0CF-D861A74A7E61}"
EndProject
Project("{9A19103F-16F7-4668-BE54-9A1E7A4F7556}") = "NetExtender.Domain.WinForms", "NetExtender.Domain.WinForms\NetExtender.Domain.WinForms.csproj", "{7E0E72A6-A871-474B-83E0-377B5276766C}"
EndProject
Project("{9A19103F-16F7-4668-BE54-9A1E7A4F7556}") = "NetExtender.Domain.WindowsPresentation", "NetExtender.Domain.WindowsPresentation\NetExtender.Domain.WindowsPresentation.csproj", "{265EEED3-7DFD-4CEF-9E88-8F3BEC4F0994}"
EndProject
Project("{9A19103F-16F7-4668-BE54-9A1E7A4F7556}") = "NetExtender.Domain.Xamarin", "NetExtender.Domain.Xamarin\NetExtender.Domain.Xamarin.csproj", "{B1628C4E-3A11-4A9D-B592-3982E2B0EB7A}"
EndProject
Project("{9A19103F-16F7-4668-BE54-9A1E7A4F7556}") = "NetExtender.Domain.AspNetCore", "NetExtender.Domain.AspNetCore\NetExtender.Domain.AspNetCore.csproj", "{0F17D558-04C4-4238-9135-EA27F581C690}"
EndProject
Project("{9A19103F-16F7-4668-BE54-9A1E7A4F7556}") = "NetExtender.UserInterface.Windows", "NetExtender.UserInterface.Windows\NetExtender.UserInterface.Windows.csproj", "{DD3793F2-6663-4150-8221-4CF7FF6BF120}"
EndProject
Project("{9A19103F-16F7-4668-BE54-9A1E7A4F7556}") = "NetExtender.WinForms", "NetExtender.WinForms\NetExtender.WinForms.csproj", "{DAB909F0-FDE0-44FB-B977-0776FF1E01B5}"
EndProject
Project("{9A19103F-16F7-4668-BE54-9A1E7A4F7556}") = "NetExtender.WindowsPresentation", "NetExtender.WindowsPresentation\NetExtender.WindowsPresentation.csproj", "{A37F702C-DB88-4391-84B6-7220C0141002}"
EndProject
Project("{9A19103F-16F7-4668-BE54-9A1E7A4F7556}") = "NetExtender.WindowsPresentationForms", "NetExtender.WindowsPresentationForms\NetExtender.WindowsPresentationForms.csproj", "{8431E4DB-6D77-4A20-AFE9-655C48CC8181}"
EndProject
Project("{9A19103F-16F7-4668-BE54-9A1E7A4F7556}") = "NetExtender.UserInterface.WindowsPresentationForms", "NetExtender.UserInterface.WindowsPresentationForms\NetExtender.UserInterface.WindowsPresentationForms.csproj", "{947201F3-F6F9-488F-934B-BA40166C9748}"
EndProject
Project("{9A19103F-16F7-4668-BE54-9A1E7A4F7556}") = "NetExtender.NAudio", "NetExtender.NAudio\NetExtender.NAudio.csproj", "{F0BD0491-EA66-44A1-93CA-7A663568DA10}"
EndProject
Project("{9A19103F-16F7-4668-BE54-9A1E7A4F7556}") = "NetExtender.Domain.Windows.Service", "NetExtender.Domain.Windows.Service\NetExtender.Domain.Windows.Service.csproj", "{F03DD29F-3866-41B8-A478-7F7C506A2D0F}"
EndProject
Project("{9A19103F-16F7-4668-BE54-9A1E7A4F7556}") = "NetExtender.NAudio.Windows", "NetExtender.NAudio.Windows\NetExtender.NAudio.Windows.csproj", "{8D3D9988-3DE2-4E48-B9CA-C15FFD95F3B6}"
EndProject
Project("{FAE04EC0-301F-11D3-BF4B-00C04F79EFBC}") = "NetExtender.NAudio.Xamarin.Android", "NetExtender.NAudio.Xamarin.Android\NetExtender.NAudio.Xamarin.Android.csproj", "{7E15DFE1-B6DA-4509-9C76-833B2230DF6E}"
EndProject
Project("{9A19103F-16F7-4668-BE54-9A1E7A4F7556}") = "NetExtender.Windows.Services", "NetExtender.Windows.Services\NetExtender.Windows.Services.csproj", "{6DC163F4-82DD-40D7-AEA5-A12F76859CC5}"
EndProject
Project("{9A19103F-16F7-4668-BE54-9A1E7A4F7556}") = "NetExtender.Domain.AspNetCore.Windows.Service", "NetExtender.Domain.AspNetCore.Windows.Service\NetExtender.Domain.AspNetCore.Windows.Service.csproj", "{D6A48FD6-BFEF-4618-BF09-A05C3B86D8E0}"
EndProject
Project("{9A19103F-16F7-4668-BE54-9A1E7A4F7556}") = "NetExtender.AspNetCore.Windows.Services", "NetExtender.AspNetCore.Windows.Services\NetExtender.AspNetCore.Windows.Services.csproj", "{489FE9F3-4D7F-464D-BD5F-B242CFEC3CC0}"
EndProject
Project("{FAE04EC0-301F-11D3-BF4B-00C04F79EFBC}") = "NetExtender.Configuration.Property", "NetExtender.Configuration.Property\NetExtender.Configuration.Property.csproj", "{17E27756-46A4-4FB3-AB01-94424343C565}"
EndProject
Project("{FAE04EC0-301F-11D3-BF4B-00C04F79EFBC}") = "NetExtender.Configuration.Environment", "NetExtender.Configuration.Environment\NetExtender.Configuration.Environment.csproj", "{1C4BC6E0-49FD-4BFC-AA04-0AF7482ED7F9}"
EndProject
Project("{2150E333-8FDC-42A3-9474-1A3956D46DE8}") = "NetExtender.Configuration", "NetExtender.Configuration", "{57669121-7D0F-4429-96C8-563563F6F3D1}"
EndProject
Project("{2150E333-8FDC-42A3-9474-1A3956D46DE8}") = "NetExtender.Domain", "NetExtender.Domain", "{57E5B92C-BB28-4EA3-B380-1CC3B8B2F71A}"
EndProject
Project("{2150E333-8FDC-42A3-9474-1A3956D46DE8}") = "NetExtender.AspNet", "NetExtender.AspNet", "{CDC97F3D-8B7E-41EF-9C34-BF94FD2B08C2}"
EndProject
Project("{2150E333-8FDC-42A3-9474-1A3956D46DE8}") = "NetExtender.Audio", "NetExtender.Audio", "{F22DBBFE-420B-4A95-BC9E-9E406DE5ACC5}"
EndProject
Project("{2150E333-8FDC-42A3-9474-1A3956D46DE8}") = "NetExtender.Image", "NetExtender.Image", "{93B62F24-8CA7-430C-AFA3-87FFBE152731}"
EndProject
Project("{2150E333-8FDC-42A3-9474-1A3956D46DE8}") = "NetExtender.UserInterface", "NetExtender.UserInterface", "{FD7B50FD-1BB3-4D14-B9E6-BF0B09172F97}"
EndProject
Project("{2150E333-8FDC-42A3-9474-1A3956D46DE8}") = "NetExtender.EntityFramework", "NetExtender.EntityFramework", "{0B0D27E3-898C-4D84-AF56-13C54F9F1EC1}"
EndProject
Project("{FAE04EC0-301F-11D3-BF4B-00C04F79EFBC}") = "NetExtender.Serialization.Ini", "NetExtender.Serialization.Ini\NetExtender.Serialization.Ini.csproj", "{EE07CD85-37EE-4994-966B-DF635B545BE0}"
EndProject
Project("{2150E333-8FDC-42A3-9474-1A3956D46DE8}") = "NetExtender.Serialization", "NetExtender.Serialization", "{08A70EBF-E861-4C24-824D-C5D6F4A62343}"
EndProject
Project("{FAE04EC0-301F-11D3-BF4B-00C04F79EFBC}") = "NetExtender.Configuration.Cryptography", "NetExtender.Configuration.Cryptography\NetExtender.Configuration.Cryptography.csproj", "{7075FF8D-F229-41F5-8D29-8CC58930C49D}"
EndProject
Project("{FAE04EC0-301F-11D3-BF4B-00C04F79EFBC}") = "NetExtender.Configuration.Json", "NetExtender.Configuration.Json\NetExtender.Configuration.Json.csproj", "{2C9DC104-67CB-48EE-9723-2B8920DA79A0}"
EndProject
Project("{FAE04EC0-301F-11D3-BF4B-00C04F79EFBC}") = "NetExtender.Configuration.Xml", "NetExtender.Configuration.Xml\NetExtender.Configuration.Xml.csproj", "{A7137A1F-4DB2-4E3B-BF7A-028927FE5D95}"
EndProject
Project("{FAE04EC0-301F-11D3-BF4B-00C04F79EFBC}") = "NetExtender.Configuration.File", "NetExtender.Configuration.File\NetExtender.Configuration.File.csproj", "{84D843F2-404B-4BFC-AE26-B4BA2AB9EA7F}"
EndProject
Project("{FAE04EC0-301F-11D3-BF4B-00C04F79EFBC}") = "NetExtender.Configuration.Microsoft", "NetExtender.Configuration.Microsoft\NetExtender.Configuration.Microsoft.csproj", "{E98DAA63-7BFD-4FC2-9650-7440067EB0E6}"
EndProject
Project("{2150E333-8FDC-42A3-9474-1A3956D46DE8}") = "NetExtender.Localization", "NetExtender.Localization", "{F7A961F4-F974-4820-8FE6-E608A2FF4B24}"
EndProject
Project("{2150E333-8FDC-42A3-9474-1A3956D46DE8}") = "NetExtender.Windows", "NetExtender.Windows", "{A7BE8994-15D1-4F4B-BD86-C308973371B6}"
EndProject
Project("{2150E333-8FDC-42A3-9474-1A3956D46DE8}") = "NetExtender.Compability", "NetExtender.Compability", "{0D61BFC7-C568-4F5F-983E-ADA30B66AD97}"
EndProject
Project("{FAE04EC0-301F-11D3-BF4B-00C04F79EFBC}") = "NetExtender.Localization", "NetExtender.Localization\NetExtender.Localization.csproj", "{517CF6A6-39F4-4D76-ADD3-B4954A36B93A}"
EndProject
Project("{FAE04EC0-301F-11D3-BF4B-00C04F79EFBC}") = "NetExtender.JavaScript", "NetExtender.JavaScript\NetExtender.JavaScript.csproj", "{0EF043EA-7AC4-40A7-8E50-53CA3691C281}"
EndProject
Project("{FAE04EC0-301F-11D3-BF4B-00C04F79EFBC}") = "NetExtender.Protobuf", "NetExtender.Protobuf\NetExtender.Protobuf.csproj", "{686AB4C5-5F1F-45BC-9EB5-A0E87291769A}"
EndProject
Project("{2150E333-8FDC-42A3-9474-1A3956D46DE8}") = "NetExtender.Capability", "NetExtender.Capability", "{0831D84F-7D4F-4E1A-87BA-8E00A2BFB199}"
EndProject
Project("{FAE04EC0-301F-11D3-BF4B-00C04F79EFBC}") = "NetExtender.Windows.Interprocess", "NetExtender.Windows.Interprocess\NetExtender.Windows.Interprocess.csproj", "{98B59792-5150-4E8A-936F-66B26FB2C3E6}"
EndProject
Project("{FAE04EC0-301F-11D3-BF4B-00C04F79EFBC}") = "NetExtender.Windows.Toast", "NetExtender.Windows.Toast\NetExtender.Windows.Toast.csproj", "{D79137E7-361B-430F-A718-0CB1A3868E24}"
EndProject
Project("{FAE04EC0-301F-11D3-BF4B-00C04F79EFBC}") = "NetExtender.AspNetCore.SinglePageApplication", "NetExtender.AspNetCore.SinglePageApplication\NetExtender.AspNetCore.SinglePageApplication.csproj", "{9D288315-D1B8-491F-82A3-DB387EDE34D3}"
EndProject
Project("{FAE04EC0-301F-11D3-BF4B-00C04F79EFBC}") = "NetExtender.Caching", "NetExtender.Caching\NetExtender.Caching.csproj", "{47692AB7-5D73-4577-B4E6-BFE37AA19954}"
EndProject
Project("{FAE04EC0-301F-11D3-BF4B-00C04F79EFBC}") = "NetExtender.AspNetCore.SignalR", "NetExtender.AspNetCore.SignalR\NetExtender.AspNetCore.SignalR.csproj", "{26D2659A-7EDE-4CFE-9CD5-D90E1206037F}"
EndProject
Project("{FAE04EC0-301F-11D3-BF4B-00C04F79EFBC}") = "NetExtender.Configuration.Property.Cryptography", "NetExtender.Configuration.Property.Cryptography\NetExtender.Configuration.Property.Cryptography.csproj", "{C1243F14-F351-4B89-9F50-C38A46BA1E11}"
EndProject
Project("{FAE04EC0-301F-11D3-BF4B-00C04F79EFBC}") = "NetExtender.Initializer", "NetExtender.Initializer\NetExtender.Initializer.csproj", "{A21B4E21-0794-4384-9A6B-40823247B32B}"
EndProject
Project("{FAE04EC0-301F-11D3-BF4B-00C04F79EFBC}") = "NetExtender.DynamicData", "NetExtender.DynamicData\NetExtender.DynamicData.csproj", "{DD617399-34DC-4DCC-9CC9-73C1E7259171}"
EndProject
Project("{FAE04EC0-301F-11D3-BF4B-00C04F79EFBC}") = "NetExtender.ReactiveUI", "NetExtender.ReactiveUI\NetExtender.ReactiveUI.csproj", "{C1E6EAFC-EC4F-4952-B23B-B85544770173}"
EndProject
Project("{FAE04EC0-301F-11D3-BF4B-00C04F79EFBC}") = "NetExtender.WindowsPresentation.Drawing", "NetExtender.WindowsPresentation.Drawing\NetExtender.WindowsPresentation.Drawing.csproj", "{F16C5DB5-8479-4D37-880F-BC94DD2614CD}"
EndProject
Project("{FAE04EC0-301F-11D3-BF4B-00C04F79EFBC}") = "NetExtender.Localization.Property", "NetExtender.Localization.Property\NetExtender.Localization.Property.csproj", "{CC214BD7-44F8-4CCD-806A-E10BF506DF64}"
EndProject
Project("{FAE04EC0-301F-11D3-BF4B-00C04F79EFBC}") = "NetExtender.WindowsPresentation.ActiveBinding", "NetExtender.WindowsPresentation.ActiveBinding\NetExtender.WindowsPresentation.ActiveBinding.csproj", "{EC020E52-AFFE-48F6-A415-64F1E6B75F24}"
EndProject
Project("{FAE04EC0-301F-11D3-BF4B-00C04F79EFBC}") = "NetExtender.WindowsPresentation.Configuration.Property", "NetExtender.WindowsPresentation.Configuration.Property\NetExtender.WindowsPresentation.Configuration.Property.csproj", "{7B222C7B-C415-43E4-BD16-2763139105EE}"
EndProject
Project("{FAE04EC0-301F-11D3-BF4B-00C04F79EFBC}") = "NetExtender.WindowsPresentation.Localization.Property", "NetExtender.WindowsPresentation.Localization.Property\NetExtender.WindowsPresentation.Localization.Property.csproj", "{83447D1F-291A-444A-9496-BE772E412FD6}"
EndProject
Project("{2150E333-8FDC-42A3-9474-1A3956D46DE8}") = "NetExtender.Logging", "NetExtender.Logging", "{0FA64880-9D69-4D8B-884F-47EF1F94961A}"
EndProject
Project("{FAE04EC0-301F-11D3-BF4B-00C04F79EFBC}") = "NetExtender.Cryptography.Certificate", "NetExtender.Cryptography.Certificate\NetExtender.Cryptography.Certificate.csproj", "{03F0B837-5E35-4F53-8A6F-DECB75580DAD}"
EndProject
Project("{FAE04EC0-301F-11D3-BF4B-00C04F79EFBC}") = "NetExtender.Logging", "NetExtender.Logging\NetExtender.Logging.csproj", "{A4D5D2FB-89CF-43CD-8134-75258AC240E7}"
EndProject
Global
	GlobalSection(SolutionConfigurationPlatforms) = preSolution
		Debug|Any CPU = Debug|Any CPU
		Release|Any CPU = Release|Any CPU
	EndGlobalSection
	GlobalSection(ProjectConfigurationPlatforms) = postSolution
		{19E3C7A6-6110-4CA1-9F8E-049BB5191C28}.Debug|Any CPU.ActiveCfg = Debug|Any CPU
		{19E3C7A6-6110-4CA1-9F8E-049BB5191C28}.Debug|Any CPU.Build.0 = Debug|Any CPU
		{19E3C7A6-6110-4CA1-9F8E-049BB5191C28}.Release|Any CPU.ActiveCfg = Release|Any CPU
		{19E3C7A6-6110-4CA1-9F8E-049BB5191C28}.Release|Any CPU.Build.0 = Release|Any CPU
		{9E3F450B-F1ED-4BC7-93C1-251835DCC98E}.Debug|Any CPU.ActiveCfg = Debug|Any CPU
		{9E3F450B-F1ED-4BC7-93C1-251835DCC98E}.Debug|Any CPU.Build.0 = Debug|Any CPU
		{9E3F450B-F1ED-4BC7-93C1-251835DCC98E}.Release|Any CPU.ActiveCfg = Release|Any CPU
		{9E3F450B-F1ED-4BC7-93C1-251835DCC98E}.Release|Any CPU.Build.0 = Release|Any CPU
		{1566851A-7963-45CA-A2B6-6ACEDF041ACA}.Debug|Any CPU.ActiveCfg = Debug|Any CPU
		{1566851A-7963-45CA-A2B6-6ACEDF041ACA}.Debug|Any CPU.Build.0 = Debug|Any CPU
		{1566851A-7963-45CA-A2B6-6ACEDF041ACA}.Release|Any CPU.ActiveCfg = Release|Any CPU
		{1566851A-7963-45CA-A2B6-6ACEDF041ACA}.Release|Any CPU.Build.0 = Release|Any CPU
		{6F121305-43B4-4F3A-BBC3-7A8C1689D17B}.Debug|Any CPU.ActiveCfg = Debug|Any CPU
		{6F121305-43B4-4F3A-BBC3-7A8C1689D17B}.Debug|Any CPU.Build.0 = Debug|Any CPU
		{6F121305-43B4-4F3A-BBC3-7A8C1689D17B}.Release|Any CPU.ActiveCfg = Release|Any CPU
		{6F121305-43B4-4F3A-BBC3-7A8C1689D17B}.Release|Any CPU.Build.0 = Release|Any CPU
		{40412617-CA47-4C9D-A9A3-C34365D6895B}.Debug|Any CPU.ActiveCfg = Debug|Any CPU
		{40412617-CA47-4C9D-A9A3-C34365D6895B}.Debug|Any CPU.Build.0 = Debug|Any CPU
		{40412617-CA47-4C9D-A9A3-C34365D6895B}.Release|Any CPU.ActiveCfg = Release|Any CPU
		{40412617-CA47-4C9D-A9A3-C34365D6895B}.Release|Any CPU.Build.0 = Release|Any CPU
		{A876A04B-A1C8-45A8-8072-CA7A40A3F6F3}.Debug|Any CPU.ActiveCfg = Debug|Any CPU
		{A876A04B-A1C8-45A8-8072-CA7A40A3F6F3}.Debug|Any CPU.Build.0 = Debug|Any CPU
		{A876A04B-A1C8-45A8-8072-CA7A40A3F6F3}.Release|Any CPU.ActiveCfg = Release|Any CPU
		{A876A04B-A1C8-45A8-8072-CA7A40A3F6F3}.Release|Any CPU.Build.0 = Release|Any CPU
		{122AEC2E-FC14-481F-A81B-0305ACE86ECC}.Debug|Any CPU.ActiveCfg = Debug|Any CPU
		{122AEC2E-FC14-481F-A81B-0305ACE86ECC}.Debug|Any CPU.Build.0 = Debug|Any CPU
		{122AEC2E-FC14-481F-A81B-0305ACE86ECC}.Release|Any CPU.ActiveCfg = Release|Any CPU
		{122AEC2E-FC14-481F-A81B-0305ACE86ECC}.Release|Any CPU.Build.0 = Release|Any CPU
		{565276E6-CCA8-4E40-A700-9DB9861F7AC8}.Debug|Any CPU.ActiveCfg = Debug|Any CPU
		{565276E6-CCA8-4E40-A700-9DB9861F7AC8}.Debug|Any CPU.Build.0 = Debug|Any CPU
		{565276E6-CCA8-4E40-A700-9DB9861F7AC8}.Release|Any CPU.ActiveCfg = Release|Any CPU
		{565276E6-CCA8-4E40-A700-9DB9861F7AC8}.Release|Any CPU.Build.0 = Release|Any CPU
		{C78BDA6F-B9C6-4245-9462-9EBD6FE2DC13}.Debug|Any CPU.ActiveCfg = Debug|Any CPU
		{C78BDA6F-B9C6-4245-9462-9EBD6FE2DC13}.Debug|Any CPU.Build.0 = Debug|Any CPU
		{C78BDA6F-B9C6-4245-9462-9EBD6FE2DC13}.Release|Any CPU.ActiveCfg = Release|Any CPU
		{C78BDA6F-B9C6-4245-9462-9EBD6FE2DC13}.Release|Any CPU.Build.0 = Release|Any CPU
		{ECAF556B-AFC3-4EB4-9A85-5A1C3B9CDDA8}.Debug|Any CPU.ActiveCfg = Debug|Any CPU
		{ECAF556B-AFC3-4EB4-9A85-5A1C3B9CDDA8}.Debug|Any CPU.Build.0 = Debug|Any CPU
		{ECAF556B-AFC3-4EB4-9A85-5A1C3B9CDDA8}.Release|Any CPU.ActiveCfg = Release|Any CPU
		{ECAF556B-AFC3-4EB4-9A85-5A1C3B9CDDA8}.Release|Any CPU.Build.0 = Release|Any CPU
		{879289F6-2ED8-48D7-AC55-C0528E036D88}.Debug|Any CPU.ActiveCfg = Debug|Any CPU
		{879289F6-2ED8-48D7-AC55-C0528E036D88}.Debug|Any CPU.Build.0 = Debug|Any CPU
		{879289F6-2ED8-48D7-AC55-C0528E036D88}.Release|Any CPU.ActiveCfg = Release|Any CPU
		{879289F6-2ED8-48D7-AC55-C0528E036D88}.Release|Any CPU.Build.0 = Release|Any CPU
		{CE0CABC3-EC8A-4A18-A4EF-624F6DAF5A6A}.Debug|Any CPU.ActiveCfg = Debug|Any CPU
		{CE0CABC3-EC8A-4A18-A4EF-624F6DAF5A6A}.Debug|Any CPU.Build.0 = Debug|Any CPU
		{CE0CABC3-EC8A-4A18-A4EF-624F6DAF5A6A}.Release|Any CPU.ActiveCfg = Release|Any CPU
		{CE0CABC3-EC8A-4A18-A4EF-624F6DAF5A6A}.Release|Any CPU.Build.0 = Release|Any CPU
		{7AF8C949-E014-43DE-A0FE-4D49735536D9}.Debug|Any CPU.ActiveCfg = Debug|Any CPU
		{7AF8C949-E014-43DE-A0FE-4D49735536D9}.Debug|Any CPU.Build.0 = Debug|Any CPU
		{7AF8C949-E014-43DE-A0FE-4D49735536D9}.Release|Any CPU.ActiveCfg = Release|Any CPU
		{7AF8C949-E014-43DE-A0FE-4D49735536D9}.Release|Any CPU.Build.0 = Release|Any CPU
		{96A15B1D-FFE0-49D8-A8B9-5386C11FCAF5}.Debug|Any CPU.ActiveCfg = Debug|Any CPU
		{96A15B1D-FFE0-49D8-A8B9-5386C11FCAF5}.Debug|Any CPU.Build.0 = Debug|Any CPU
		{96A15B1D-FFE0-49D8-A8B9-5386C11FCAF5}.Release|Any CPU.ActiveCfg = Release|Any CPU
		{96A15B1D-FFE0-49D8-A8B9-5386C11FCAF5}.Release|Any CPU.Build.0 = Release|Any CPU
		{8F13ECC7-6A93-4863-A03F-E7DF616DB603}.Debug|Any CPU.ActiveCfg = Debug|Any CPU
		{8F13ECC7-6A93-4863-A03F-E7DF616DB603}.Debug|Any CPU.Build.0 = Debug|Any CPU
		{8F13ECC7-6A93-4863-A03F-E7DF616DB603}.Release|Any CPU.ActiveCfg = Release|Any CPU
		{8F13ECC7-6A93-4863-A03F-E7DF616DB603}.Release|Any CPU.Build.0 = Release|Any CPU
		{3165AF7B-F29C-4FC7-BAF0-13A92CB0ACDB}.Debug|Any CPU.ActiveCfg = Debug|Any CPU
		{3165AF7B-F29C-4FC7-BAF0-13A92CB0ACDB}.Debug|Any CPU.Build.0 = Debug|Any CPU
		{3165AF7B-F29C-4FC7-BAF0-13A92CB0ACDB}.Release|Any CPU.ActiveCfg = Release|Any CPU
		{3165AF7B-F29C-4FC7-BAF0-13A92CB0ACDB}.Release|Any CPU.Build.0 = Release|Any CPU
		{99270A76-B263-403E-AA32-1885325E67AB}.Debug|Any CPU.ActiveCfg = Debug|Any CPU
		{99270A76-B263-403E-AA32-1885325E67AB}.Debug|Any CPU.Build.0 = Debug|Any CPU
		{99270A76-B263-403E-AA32-1885325E67AB}.Release|Any CPU.ActiveCfg = Release|Any CPU
		{99270A76-B263-403E-AA32-1885325E67AB}.Release|Any CPU.Build.0 = Release|Any CPU
		{893248EA-B992-462C-AD27-628EB72EFF59}.Debug|Any CPU.ActiveCfg = Debug|Any CPU
		{893248EA-B992-462C-AD27-628EB72EFF59}.Debug|Any CPU.Build.0 = Debug|Any CPU
		{893248EA-B992-462C-AD27-628EB72EFF59}.Release|Any CPU.ActiveCfg = Release|Any CPU
		{893248EA-B992-462C-AD27-628EB72EFF59}.Release|Any CPU.Build.0 = Release|Any CPU
		{F1AB5887-46C7-4F74-A0CF-D861A74A7E61}.Debug|Any CPU.ActiveCfg = Debug|Any CPU
		{F1AB5887-46C7-4F74-A0CF-D861A74A7E61}.Debug|Any CPU.Build.0 = Debug|Any CPU
		{F1AB5887-46C7-4F74-A0CF-D861A74A7E61}.Release|Any CPU.ActiveCfg = Release|Any CPU
		{F1AB5887-46C7-4F74-A0CF-D861A74A7E61}.Release|Any CPU.Build.0 = Release|Any CPU
		{7E0E72A6-A871-474B-83E0-377B5276766C}.Debug|Any CPU.ActiveCfg = Debug|Any CPU
		{7E0E72A6-A871-474B-83E0-377B5276766C}.Debug|Any CPU.Build.0 = Debug|Any CPU
		{7E0E72A6-A871-474B-83E0-377B5276766C}.Release|Any CPU.ActiveCfg = Release|Any CPU
		{7E0E72A6-A871-474B-83E0-377B5276766C}.Release|Any CPU.Build.0 = Release|Any CPU
		{265EEED3-7DFD-4CEF-9E88-8F3BEC4F0994}.Debug|Any CPU.ActiveCfg = Debug|Any CPU
		{265EEED3-7DFD-4CEF-9E88-8F3BEC4F0994}.Debug|Any CPU.Build.0 = Debug|Any CPU
		{265EEED3-7DFD-4CEF-9E88-8F3BEC4F0994}.Release|Any CPU.ActiveCfg = Release|Any CPU
		{265EEED3-7DFD-4CEF-9E88-8F3BEC4F0994}.Release|Any CPU.Build.0 = Release|Any CPU
		{B1628C4E-3A11-4A9D-B592-3982E2B0EB7A}.Debug|Any CPU.ActiveCfg = Debug|Any CPU
		{B1628C4E-3A11-4A9D-B592-3982E2B0EB7A}.Debug|Any CPU.Build.0 = Debug|Any CPU
		{B1628C4E-3A11-4A9D-B592-3982E2B0EB7A}.Release|Any CPU.ActiveCfg = Release|Any CPU
		{B1628C4E-3A11-4A9D-B592-3982E2B0EB7A}.Release|Any CPU.Build.0 = Release|Any CPU
		{0F17D558-04C4-4238-9135-EA27F581C690}.Debug|Any CPU.ActiveCfg = Debug|Any CPU
		{0F17D558-04C4-4238-9135-EA27F581C690}.Debug|Any CPU.Build.0 = Debug|Any CPU
		{0F17D558-04C4-4238-9135-EA27F581C690}.Release|Any CPU.ActiveCfg = Release|Any CPU
		{0F17D558-04C4-4238-9135-EA27F581C690}.Release|Any CPU.Build.0 = Release|Any CPU
		{DD3793F2-6663-4150-8221-4CF7FF6BF120}.Debug|Any CPU.ActiveCfg = Debug|Any CPU
		{DD3793F2-6663-4150-8221-4CF7FF6BF120}.Debug|Any CPU.Build.0 = Debug|Any CPU
		{DD3793F2-6663-4150-8221-4CF7FF6BF120}.Release|Any CPU.ActiveCfg = Release|Any CPU
		{DD3793F2-6663-4150-8221-4CF7FF6BF120}.Release|Any CPU.Build.0 = Release|Any CPU
		{DAB909F0-FDE0-44FB-B977-0776FF1E01B5}.Debug|Any CPU.ActiveCfg = Debug|Any CPU
		{DAB909F0-FDE0-44FB-B977-0776FF1E01B5}.Debug|Any CPU.Build.0 = Debug|Any CPU
		{DAB909F0-FDE0-44FB-B977-0776FF1E01B5}.Release|Any CPU.ActiveCfg = Release|Any CPU
		{DAB909F0-FDE0-44FB-B977-0776FF1E01B5}.Release|Any CPU.Build.0 = Release|Any CPU
		{A37F702C-DB88-4391-84B6-7220C0141002}.Debug|Any CPU.ActiveCfg = Debug|Any CPU
		{A37F702C-DB88-4391-84B6-7220C0141002}.Debug|Any CPU.Build.0 = Debug|Any CPU
		{A37F702C-DB88-4391-84B6-7220C0141002}.Release|Any CPU.ActiveCfg = Release|Any CPU
		{A37F702C-DB88-4391-84B6-7220C0141002}.Release|Any CPU.Build.0 = Release|Any CPU
		{8431E4DB-6D77-4A20-AFE9-655C48CC8181}.Debug|Any CPU.ActiveCfg = Debug|Any CPU
		{8431E4DB-6D77-4A20-AFE9-655C48CC8181}.Debug|Any CPU.Build.0 = Debug|Any CPU
		{8431E4DB-6D77-4A20-AFE9-655C48CC8181}.Release|Any CPU.ActiveCfg = Release|Any CPU
		{8431E4DB-6D77-4A20-AFE9-655C48CC8181}.Release|Any CPU.Build.0 = Release|Any CPU
		{947201F3-F6F9-488F-934B-BA40166C9748}.Debug|Any CPU.ActiveCfg = Debug|Any CPU
		{947201F3-F6F9-488F-934B-BA40166C9748}.Debug|Any CPU.Build.0 = Debug|Any CPU
		{947201F3-F6F9-488F-934B-BA40166C9748}.Release|Any CPU.ActiveCfg = Release|Any CPU
		{947201F3-F6F9-488F-934B-BA40166C9748}.Release|Any CPU.Build.0 = Release|Any CPU
		{F0BD0491-EA66-44A1-93CA-7A663568DA10}.Debug|Any CPU.ActiveCfg = Debug|Any CPU
		{F0BD0491-EA66-44A1-93CA-7A663568DA10}.Debug|Any CPU.Build.0 = Debug|Any CPU
		{F0BD0491-EA66-44A1-93CA-7A663568DA10}.Release|Any CPU.ActiveCfg = Release|Any CPU
		{F0BD0491-EA66-44A1-93CA-7A663568DA10}.Release|Any CPU.Build.0 = Release|Any CPU
		{F03DD29F-3866-41B8-A478-7F7C506A2D0F}.Debug|Any CPU.ActiveCfg = Debug|Any CPU
		{F03DD29F-3866-41B8-A478-7F7C506A2D0F}.Debug|Any CPU.Build.0 = Debug|Any CPU
		{F03DD29F-3866-41B8-A478-7F7C506A2D0F}.Release|Any CPU.ActiveCfg = Release|Any CPU
		{F03DD29F-3866-41B8-A478-7F7C506A2D0F}.Release|Any CPU.Build.0 = Release|Any CPU
		{8D3D9988-3DE2-4E48-B9CA-C15FFD95F3B6}.Debug|Any CPU.ActiveCfg = Debug|Any CPU
		{8D3D9988-3DE2-4E48-B9CA-C15FFD95F3B6}.Debug|Any CPU.Build.0 = Debug|Any CPU
		{8D3D9988-3DE2-4E48-B9CA-C15FFD95F3B6}.Release|Any CPU.ActiveCfg = Release|Any CPU
		{8D3D9988-3DE2-4E48-B9CA-C15FFD95F3B6}.Release|Any CPU.Build.0 = Release|Any CPU
		{6DC163F4-82DD-40D7-AEA5-A12F76859CC5}.Debug|Any CPU.ActiveCfg = Debug|Any CPU
		{6DC163F4-82DD-40D7-AEA5-A12F76859CC5}.Debug|Any CPU.Build.0 = Debug|Any CPU
		{6DC163F4-82DD-40D7-AEA5-A12F76859CC5}.Release|Any CPU.ActiveCfg = Release|Any CPU
		{6DC163F4-82DD-40D7-AEA5-A12F76859CC5}.Release|Any CPU.Build.0 = Release|Any CPU
		{D6A48FD6-BFEF-4618-BF09-A05C3B86D8E0}.Debug|Any CPU.ActiveCfg = Debug|Any CPU
		{D6A48FD6-BFEF-4618-BF09-A05C3B86D8E0}.Debug|Any CPU.Build.0 = Debug|Any CPU
		{D6A48FD6-BFEF-4618-BF09-A05C3B86D8E0}.Release|Any CPU.ActiveCfg = Release|Any CPU
		{D6A48FD6-BFEF-4618-BF09-A05C3B86D8E0}.Release|Any CPU.Build.0 = Release|Any CPU
		{489FE9F3-4D7F-464D-BD5F-B242CFEC3CC0}.Debug|Any CPU.ActiveCfg = Debug|Any CPU
		{489FE9F3-4D7F-464D-BD5F-B242CFEC3CC0}.Debug|Any CPU.Build.0 = Debug|Any CPU
		{489FE9F3-4D7F-464D-BD5F-B242CFEC3CC0}.Release|Any CPU.ActiveCfg = Release|Any CPU
		{489FE9F3-4D7F-464D-BD5F-B242CFEC3CC0}.Release|Any CPU.Build.0 = Release|Any CPU
		{17E27756-46A4-4FB3-AB01-94424343C565}.Debug|Any CPU.ActiveCfg = Debug|Any CPU
		{17E27756-46A4-4FB3-AB01-94424343C565}.Debug|Any CPU.Build.0 = Debug|Any CPU
		{17E27756-46A4-4FB3-AB01-94424343C565}.Release|Any CPU.ActiveCfg = Release|Any CPU
		{17E27756-46A4-4FB3-AB01-94424343C565}.Release|Any CPU.Build.0 = Release|Any CPU
		{1C4BC6E0-49FD-4BFC-AA04-0AF7482ED7F9}.Debug|Any CPU.ActiveCfg = Debug|Any CPU
		{1C4BC6E0-49FD-4BFC-AA04-0AF7482ED7F9}.Debug|Any CPU.Build.0 = Debug|Any CPU
		{1C4BC6E0-49FD-4BFC-AA04-0AF7482ED7F9}.Release|Any CPU.ActiveCfg = Release|Any CPU
		{1C4BC6E0-49FD-4BFC-AA04-0AF7482ED7F9}.Release|Any CPU.Build.0 = Release|Any CPU
		{EE07CD85-37EE-4994-966B-DF635B545BE0}.Debug|Any CPU.ActiveCfg = Debug|Any CPU
		{EE07CD85-37EE-4994-966B-DF635B545BE0}.Debug|Any CPU.Build.0 = Debug|Any CPU
		{EE07CD85-37EE-4994-966B-DF635B545BE0}.Release|Any CPU.ActiveCfg = Release|Any CPU
		{EE07CD85-37EE-4994-966B-DF635B545BE0}.Release|Any CPU.Build.0 = Release|Any CPU
		{7075FF8D-F229-41F5-8D29-8CC58930C49D}.Debug|Any CPU.ActiveCfg = Debug|Any CPU
		{7075FF8D-F229-41F5-8D29-8CC58930C49D}.Debug|Any CPU.Build.0 = Debug|Any CPU
		{7075FF8D-F229-41F5-8D29-8CC58930C49D}.Release|Any CPU.ActiveCfg = Release|Any CPU
		{7075FF8D-F229-41F5-8D29-8CC58930C49D}.Release|Any CPU.Build.0 = Release|Any CPU
		{2C9DC104-67CB-48EE-9723-2B8920DA79A0}.Debug|Any CPU.ActiveCfg = Debug|Any CPU
		{2C9DC104-67CB-48EE-9723-2B8920DA79A0}.Debug|Any CPU.Build.0 = Debug|Any CPU
		{2C9DC104-67CB-48EE-9723-2B8920DA79A0}.Release|Any CPU.ActiveCfg = Release|Any CPU
		{2C9DC104-67CB-48EE-9723-2B8920DA79A0}.Release|Any CPU.Build.0 = Release|Any CPU
		{A7137A1F-4DB2-4E3B-BF7A-028927FE5D95}.Debug|Any CPU.ActiveCfg = Debug|Any CPU
		{A7137A1F-4DB2-4E3B-BF7A-028927FE5D95}.Debug|Any CPU.Build.0 = Debug|Any CPU
		{A7137A1F-4DB2-4E3B-BF7A-028927FE5D95}.Release|Any CPU.ActiveCfg = Release|Any CPU
		{A7137A1F-4DB2-4E3B-BF7A-028927FE5D95}.Release|Any CPU.Build.0 = Release|Any CPU
		{84D843F2-404B-4BFC-AE26-B4BA2AB9EA7F}.Debug|Any CPU.ActiveCfg = Debug|Any CPU
		{84D843F2-404B-4BFC-AE26-B4BA2AB9EA7F}.Debug|Any CPU.Build.0 = Debug|Any CPU
		{84D843F2-404B-4BFC-AE26-B4BA2AB9EA7F}.Release|Any CPU.ActiveCfg = Release|Any CPU
		{84D843F2-404B-4BFC-AE26-B4BA2AB9EA7F}.Release|Any CPU.Build.0 = Release|Any CPU
		{E98DAA63-7BFD-4FC2-9650-7440067EB0E6}.Debug|Any CPU.ActiveCfg = Debug|Any CPU
		{E98DAA63-7BFD-4FC2-9650-7440067EB0E6}.Debug|Any CPU.Build.0 = Debug|Any CPU
		{E98DAA63-7BFD-4FC2-9650-7440067EB0E6}.Release|Any CPU.ActiveCfg = Release|Any CPU
		{E98DAA63-7BFD-4FC2-9650-7440067EB0E6}.Release|Any CPU.Build.0 = Release|Any CPU
		{517CF6A6-39F4-4D76-ADD3-B4954A36B93A}.Debug|Any CPU.ActiveCfg = Debug|Any CPU
		{517CF6A6-39F4-4D76-ADD3-B4954A36B93A}.Debug|Any CPU.Build.0 = Debug|Any CPU
		{517CF6A6-39F4-4D76-ADD3-B4954A36B93A}.Release|Any CPU.ActiveCfg = Release|Any CPU
		{517CF6A6-39F4-4D76-ADD3-B4954A36B93A}.Release|Any CPU.Build.0 = Release|Any CPU
		{0EF043EA-7AC4-40A7-8E50-53CA3691C281}.Debug|Any CPU.ActiveCfg = Debug|Any CPU
		{0EF043EA-7AC4-40A7-8E50-53CA3691C281}.Debug|Any CPU.Build.0 = Debug|Any CPU
		{0EF043EA-7AC4-40A7-8E50-53CA3691C281}.Release|Any CPU.ActiveCfg = Release|Any CPU
		{0EF043EA-7AC4-40A7-8E50-53CA3691C281}.Release|Any CPU.Build.0 = Release|Any CPU
		{686AB4C5-5F1F-45BC-9EB5-A0E87291769A}.Debug|Any CPU.ActiveCfg = Debug|Any CPU
		{686AB4C5-5F1F-45BC-9EB5-A0E87291769A}.Debug|Any CPU.Build.0 = Debug|Any CPU
		{686AB4C5-5F1F-45BC-9EB5-A0E87291769A}.Release|Any CPU.ActiveCfg = Release|Any CPU
		{686AB4C5-5F1F-45BC-9EB5-A0E87291769A}.Release|Any CPU.Build.0 = Release|Any CPU
		{98B59792-5150-4E8A-936F-66B26FB2C3E6}.Debug|Any CPU.ActiveCfg = Debug|Any CPU
		{98B59792-5150-4E8A-936F-66B26FB2C3E6}.Debug|Any CPU.Build.0 = Debug|Any CPU
		{98B59792-5150-4E8A-936F-66B26FB2C3E6}.Release|Any CPU.ActiveCfg = Release|Any CPU
		{98B59792-5150-4E8A-936F-66B26FB2C3E6}.Release|Any CPU.Build.0 = Release|Any CPU
		{D79137E7-361B-430F-A718-0CB1A3868E24}.Debug|Any CPU.ActiveCfg = Debug|Any CPU
		{D79137E7-361B-430F-A718-0CB1A3868E24}.Debug|Any CPU.Build.0 = Debug|Any CPU
		{D79137E7-361B-430F-A718-0CB1A3868E24}.Release|Any CPU.ActiveCfg = Release|Any CPU
		{D79137E7-361B-430F-A718-0CB1A3868E24}.Release|Any CPU.Build.0 = Release|Any CPU
		{9D288315-D1B8-491F-82A3-DB387EDE34D3}.Debug|Any CPU.ActiveCfg = Debug|Any CPU
		{9D288315-D1B8-491F-82A3-DB387EDE34D3}.Debug|Any CPU.Build.0 = Debug|Any CPU
		{9D288315-D1B8-491F-82A3-DB387EDE34D3}.Release|Any CPU.ActiveCfg = Release|Any CPU
		{9D288315-D1B8-491F-82A3-DB387EDE34D3}.Release|Any CPU.Build.0 = Release|Any CPU
		{47692AB7-5D73-4577-B4E6-BFE37AA19954}.Debug|Any CPU.ActiveCfg = Debug|Any CPU
		{47692AB7-5D73-4577-B4E6-BFE37AA19954}.Debug|Any CPU.Build.0 = Debug|Any CPU
		{47692AB7-5D73-4577-B4E6-BFE37AA19954}.Release|Any CPU.ActiveCfg = Release|Any CPU
		{47692AB7-5D73-4577-B4E6-BFE37AA19954}.Release|Any CPU.Build.0 = Release|Any CPU
		{26D2659A-7EDE-4CFE-9CD5-D90E1206037F}.Debug|Any CPU.ActiveCfg = Debug|Any CPU
		{26D2659A-7EDE-4CFE-9CD5-D90E1206037F}.Debug|Any CPU.Build.0 = Debug|Any CPU
		{26D2659A-7EDE-4CFE-9CD5-D90E1206037F}.Release|Any CPU.ActiveCfg = Release|Any CPU
		{26D2659A-7EDE-4CFE-9CD5-D90E1206037F}.Release|Any CPU.Build.0 = Release|Any CPU
		{C1243F14-F351-4B89-9F50-C38A46BA1E11}.Debug|Any CPU.ActiveCfg = Debug|Any CPU
		{C1243F14-F351-4B89-9F50-C38A46BA1E11}.Debug|Any CPU.Build.0 = Debug|Any CPU
		{C1243F14-F351-4B89-9F50-C38A46BA1E11}.Release|Any CPU.ActiveCfg = Release|Any CPU
		{C1243F14-F351-4B89-9F50-C38A46BA1E11}.Release|Any CPU.Build.0 = Release|Any CPU
		{A21B4E21-0794-4384-9A6B-40823247B32B}.Debug|Any CPU.ActiveCfg = Debug|Any CPU
		{A21B4E21-0794-4384-9A6B-40823247B32B}.Debug|Any CPU.Build.0 = Debug|Any CPU
		{A21B4E21-0794-4384-9A6B-40823247B32B}.Release|Any CPU.ActiveCfg = Release|Any CPU
		{A21B4E21-0794-4384-9A6B-40823247B32B}.Release|Any CPU.Build.0 = Release|Any CPU
		{7582CB59-4A44-4938-8A6E-00A5B91C91A1}.Release|Any CPU.ActiveCfg = Release|Any CPU
		{7582CB59-4A44-4938-8A6E-00A5B91C91A1}.Release|Any CPU.Build.0 = Release|Any CPU
		{7582CB59-4A44-4938-8A6E-00A5B91C91A1}.Debug|Any CPU.ActiveCfg = Debug|Any CPU
		{7582CB59-4A44-4938-8A6E-00A5B91C91A1}.Debug|Any CPU.Build.0 = Debug|Any CPU
		{DD617399-34DC-4DCC-9CC9-73C1E7259171}.Debug|Any CPU.ActiveCfg = Debug|Any CPU
		{DD617399-34DC-4DCC-9CC9-73C1E7259171}.Debug|Any CPU.Build.0 = Debug|Any CPU
		{DD617399-34DC-4DCC-9CC9-73C1E7259171}.Release|Any CPU.ActiveCfg = Release|Any CPU
		{DD617399-34DC-4DCC-9CC9-73C1E7259171}.Release|Any CPU.Build.0 = Release|Any CPU
		{C1E6EAFC-EC4F-4952-B23B-B85544770173}.Debug|Any CPU.ActiveCfg = Debug|Any CPU
		{C1E6EAFC-EC4F-4952-B23B-B85544770173}.Debug|Any CPU.Build.0 = Debug|Any CPU
		{C1E6EAFC-EC4F-4952-B23B-B85544770173}.Release|Any CPU.ActiveCfg = Release|Any CPU
		{C1E6EAFC-EC4F-4952-B23B-B85544770173}.Release|Any CPU.Build.0 = Release|Any CPU
		{F16C5DB5-8479-4D37-880F-BC94DD2614CD}.Debug|Any CPU.ActiveCfg = Debug|Any CPU
		{F16C5DB5-8479-4D37-880F-BC94DD2614CD}.Debug|Any CPU.Build.0 = Debug|Any CPU
		{F16C5DB5-8479-4D37-880F-BC94DD2614CD}.Release|Any CPU.ActiveCfg = Release|Any CPU
		{F16C5DB5-8479-4D37-880F-BC94DD2614CD}.Release|Any CPU.Build.0 = Release|Any CPU
		{CC214BD7-44F8-4CCD-806A-E10BF506DF64}.Debug|Any CPU.ActiveCfg = Debug|Any CPU
		{CC214BD7-44F8-4CCD-806A-E10BF506DF64}.Debug|Any CPU.Build.0 = Debug|Any CPU
		{CC214BD7-44F8-4CCD-806A-E10BF506DF64}.Release|Any CPU.ActiveCfg = Release|Any CPU
		{CC214BD7-44F8-4CCD-806A-E10BF506DF64}.Release|Any CPU.Build.0 = Release|Any CPU
		{EC020E52-AFFE-48F6-A415-64F1E6B75F24}.Debug|Any CPU.ActiveCfg = Debug|Any CPU
		{EC020E52-AFFE-48F6-A415-64F1E6B75F24}.Debug|Any CPU.Build.0 = Debug|Any CPU
		{EC020E52-AFFE-48F6-A415-64F1E6B75F24}.Release|Any CPU.ActiveCfg = Release|Any CPU
		{EC020E52-AFFE-48F6-A415-64F1E6B75F24}.Release|Any CPU.Build.0 = Release|Any CPU
		{7B222C7B-C415-43E4-BD16-2763139105EE}.Debug|Any CPU.ActiveCfg = Debug|Any CPU
		{7B222C7B-C415-43E4-BD16-2763139105EE}.Debug|Any CPU.Build.0 = Debug|Any CPU
		{7B222C7B-C415-43E4-BD16-2763139105EE}.Release|Any CPU.ActiveCfg = Release|Any CPU
		{7B222C7B-C415-43E4-BD16-2763139105EE}.Release|Any CPU.Build.0 = Release|Any CPU
		{83447D1F-291A-444A-9496-BE772E412FD6}.Debug|Any CPU.ActiveCfg = Debug|Any CPU
		{83447D1F-291A-444A-9496-BE772E412FD6}.Debug|Any CPU.Build.0 = Debug|Any CPU
		{83447D1F-291A-444A-9496-BE772E412FD6}.Release|Any CPU.ActiveCfg = Release|Any CPU
		{83447D1F-291A-444A-9496-BE772E412FD6}.Release|Any CPU.Build.0 = Release|Any CPU
		{03F0B837-5E35-4F53-8A6F-DECB75580DAD}.Debug|Any CPU.ActiveCfg = Debug|Any CPU
		{03F0B837-5E35-4F53-8A6F-DECB75580DAD}.Debug|Any CPU.Build.0 = Debug|Any CPU
		{03F0B837-5E35-4F53-8A6F-DECB75580DAD}.Release|Any CPU.ActiveCfg = Release|Any CPU
		{03F0B837-5E35-4F53-8A6F-DECB75580DAD}.Release|Any CPU.Build.0 = Release|Any CPU
		{A4D5D2FB-89CF-43CD-8134-75258AC240E7}.Debug|Any CPU.ActiveCfg = Debug|Any CPU
		{A4D5D2FB-89CF-43CD-8134-75258AC240E7}.Debug|Any CPU.Build.0 = Debug|Any CPU
		{A4D5D2FB-89CF-43CD-8134-75258AC240E7}.Release|Any CPU.ActiveCfg = Release|Any CPU
		{A4D5D2FB-89CF-43CD-8134-75258AC240E7}.Release|Any CPU.Build.0 = Release|Any CPU
	EndGlobalSection
	GlobalSection(SolutionProperties) = preSolution
		HideSolutionNode = FALSE
	EndGlobalSection
	GlobalSection(ExtensibilityGlobals) = postSolution
		SolutionGuid = {0FBEDCF4-3CBE-406D-B1B7-FE62D983A079}
	EndGlobalSection
	GlobalSection(SolutionConfigurationPlatforms) = preSolution
		Debug|Any CPU = Debug|Any CPU
		Release|Any CPU = Release|Any CPU
	EndGlobalSection
	GlobalSection(NestedProjects) = preSolution
		{122AEC2E-FC14-481F-A81B-0305ACE86ECC} = {57669121-7D0F-4429-96C8-563563F6F3D1}
		{1C4BC6E0-49FD-4BFC-AA04-0AF7482ED7F9} = {57669121-7D0F-4429-96C8-563563F6F3D1}
		{17E27756-46A4-4FB3-AB01-94424343C565} = {57669121-7D0F-4429-96C8-563563F6F3D1}
		{CE0CABC3-EC8A-4A18-A4EF-624F6DAF5A6A} = {57669121-7D0F-4429-96C8-563563F6F3D1}
		{9E3F450B-F1ED-4BC7-93C1-251835DCC98E} = {CDC97F3D-8B7E-41EF-9C34-BF94FD2B08C2}
		{489FE9F3-4D7F-464D-BD5F-B242CFEC3CC0} = {CDC97F3D-8B7E-41EF-9C34-BF94FD2B08C2}
		{565276E6-CCA8-4E40-A700-9DB9861F7AC8} = {57E5B92C-BB28-4EA3-B380-1CC3B8B2F71A}
		{0F17D558-04C4-4238-9135-EA27F581C690} = {57E5B92C-BB28-4EA3-B380-1CC3B8B2F71A}
		{D6A48FD6-BFEF-4618-BF09-A05C3B86D8E0} = {57E5B92C-BB28-4EA3-B380-1CC3B8B2F71A}
		{F03DD29F-3866-41B8-A478-7F7C506A2D0F} = {57E5B92C-BB28-4EA3-B380-1CC3B8B2F71A}
		{265EEED3-7DFD-4CEF-9E88-8F3BEC4F0994} = {57E5B92C-BB28-4EA3-B380-1CC3B8B2F71A}
		{7E0E72A6-A871-474B-83E0-377B5276766C} = {57E5B92C-BB28-4EA3-B380-1CC3B8B2F71A}
		{B1628C4E-3A11-4A9D-B592-3982E2B0EB7A} = {57E5B92C-BB28-4EA3-B380-1CC3B8B2F71A}
		{F0BD0491-EA66-44A1-93CA-7A663568DA10} = {F22DBBFE-420B-4A95-BC9E-9E406DE5ACC5}
		{8D3D9988-3DE2-4E48-B9CA-C15FFD95F3B6} = {F22DBBFE-420B-4A95-BC9E-9E406DE5ACC5}
		{8F13ECC7-6A93-4863-A03F-E7DF616DB603} = {93B62F24-8CA7-430C-AFA3-87FFBE152731}
		{99270A76-B263-403E-AA32-1885325E67AB} = {93B62F24-8CA7-430C-AFA3-87FFBE152731}
		{F1AB5887-46C7-4F74-A0CF-D861A74A7E61} = {FD7B50FD-1BB3-4D14-B9E6-BF0B09172F97}
		{7AF8C949-E014-43DE-A0FE-4D49735536D9} = {FD7B50FD-1BB3-4D14-B9E6-BF0B09172F97}
		{947201F3-F6F9-488F-934B-BA40166C9748} = {FD7B50FD-1BB3-4D14-B9E6-BF0B09172F97}
		{893248EA-B992-462C-AD27-628EB72EFF59} = {FD7B50FD-1BB3-4D14-B9E6-BF0B09172F97}
		{DD3793F2-6663-4150-8221-4CF7FF6BF120} = {FD7B50FD-1BB3-4D14-B9E6-BF0B09172F97}
		{879289F6-2ED8-48D7-AC55-C0528E036D88} = {FD7B50FD-1BB3-4D14-B9E6-BF0B09172F97}
		{1566851A-7963-45CA-A2B6-6ACEDF041ACA} = {0B0D27E3-898C-4D84-AF56-13C54F9F1EC1}
		{3165AF7B-F29C-4FC7-BAF0-13A92CB0ACDB} = {93B62F24-8CA7-430C-AFA3-87FFBE152731}
		{EE07CD85-37EE-4994-966B-DF635B545BE0} = {08A70EBF-E861-4C24-824D-C5D6F4A62343}
		{7075FF8D-F229-41F5-8D29-8CC58930C49D} = {57669121-7D0F-4429-96C8-563563F6F3D1}
		{2C9DC104-67CB-48EE-9723-2B8920DA79A0} = {57669121-7D0F-4429-96C8-563563F6F3D1}
		{A7137A1F-4DB2-4E3B-BF7A-028927FE5D95} = {57669121-7D0F-4429-96C8-563563F6F3D1}
		{84D843F2-404B-4BFC-AE26-B4BA2AB9EA7F} = {57669121-7D0F-4429-96C8-563563F6F3D1}
		{E98DAA63-7BFD-4FC2-9650-7440067EB0E6} = {57669121-7D0F-4429-96C8-563563F6F3D1}
		{7E15DFE1-B6DA-4509-9C76-833B2230DF6E} = {F22DBBFE-420B-4A95-BC9E-9E406DE5ACC5}
		{96A15B1D-FFE0-49D8-A8B9-5386C11FCAF5} = {F7A961F4-F974-4820-8FE6-E608A2FF4B24}
		{C78BDA6F-B9C6-4245-9462-9EBD6FE2DC13} = {A7BE8994-15D1-4F4B-BD86-C308973371B6}
		{40412617-CA47-4C9D-A9A3-C34365D6895B} = {A7BE8994-15D1-4F4B-BD86-C308973371B6}
		{6DC163F4-82DD-40D7-AEA5-A12F76859CC5} = {A7BE8994-15D1-4F4B-BD86-C308973371B6}
		{A37F702C-DB88-4391-84B6-7220C0141002} = {A7BE8994-15D1-4F4B-BD86-C308973371B6}
		{8431E4DB-6D77-4A20-AFE9-655C48CC8181} = {A7BE8994-15D1-4F4B-BD86-C308973371B6}
		{DAB909F0-FDE0-44FB-B977-0776FF1E01B5} = {A7BE8994-15D1-4F4B-BD86-C308973371B6}
		{6F121305-43B4-4F3A-BBC3-7A8C1689D17B} = {0D61BFC7-C568-4F5F-983E-ADA30B66AD97}
		{ECAF556B-AFC3-4EB4-9A85-5A1C3B9CDDA8} = {0D61BFC7-C568-4F5F-983E-ADA30B66AD97}
		{517CF6A6-39F4-4D76-ADD3-B4954A36B93A} = {F7A961F4-F974-4820-8FE6-E608A2FF4B24}
		{0EF043EA-7AC4-40A7-8E50-53CA3691C281} = {0D61BFC7-C568-4F5F-983E-ADA30B66AD97}
		{686AB4C5-5F1F-45BC-9EB5-A0E87291769A} = {0D61BFC7-C568-4F5F-983E-ADA30B66AD97}
		{A876A04B-A1C8-45A8-8072-CA7A40A3F6F3} = {0831D84F-7D4F-4E1A-87BA-8E00A2BFB199}
		{98B59792-5150-4E8A-936F-66B26FB2C3E6} = {A7BE8994-15D1-4F4B-BD86-C308973371B6}
		{D79137E7-361B-430F-A718-0CB1A3868E24} = {A7BE8994-15D1-4F4B-BD86-C308973371B6}
		{9D288315-D1B8-491F-82A3-DB387EDE34D3} = {CDC97F3D-8B7E-41EF-9C34-BF94FD2B08C2}
		{47692AB7-5D73-4577-B4E6-BFE37AA19954} = {0831D84F-7D4F-4E1A-87BA-8E00A2BFB199}
		{26D2659A-7EDE-4CFE-9CD5-D90E1206037F} = {CDC97F3D-8B7E-41EF-9C34-BF94FD2B08C2}
		{C1243F14-F351-4B89-9F50-C38A46BA1E11} = {57669121-7D0F-4429-96C8-563563F6F3D1}
		{7582CB59-4A44-4938-8A6E-00A5B91C91A1} = {57669121-7D0F-4429-96C8-563563F6F3D1}
		{DD617399-34DC-4DCC-9CC9-73C1E7259171} = {0D61BFC7-C568-4F5F-983E-ADA30B66AD97}
		{C1E6EAFC-EC4F-4952-B23B-B85544770173} = {0D61BFC7-C568-4F5F-983E-ADA30B66AD97}
		{F16C5DB5-8479-4D37-880F-BC94DD2614CD} = {A7BE8994-15D1-4F4B-BD86-C308973371B6}
		{CC214BD7-44F8-4CCD-806A-E10BF506DF64} = {F7A961F4-F974-4820-8FE6-E608A2FF4B24}
		{EC020E52-AFFE-48F6-A415-64F1E6B75F24} = {A7BE8994-15D1-4F4B-BD86-C308973371B6}
		{7B222C7B-C415-43E4-BD16-2763139105EE} = {A7BE8994-15D1-4F4B-BD86-C308973371B6}
		{83447D1F-291A-444A-9496-BE772E412FD6} = {A7BE8994-15D1-4F4B-BD86-C308973371B6}
		{03F0B837-5E35-4F53-8A6F-DECB75580DAD} = {0831D84F-7D4F-4E1A-87BA-8E00A2BFB199}
		{A4D5D2FB-89CF-43CD-8134-75258AC240E7} = {0FA64880-9D69-4D8B-884F-47EF1F94961A}
	EndGlobalSection
EndGlobal
